
Microsoft Visual Studio Solution File, Format Version 12.00
# Visual Studio Version 17
VisualStudioVersion = 17.0.31903.59
MinimumVisualStudioVersion = 10.0.40219.1
Project("{2150E333-8FDC-42A3-9474-1A3956D46DE8}") = "Naming", "Naming", "{15CA0E36-4A34-4312-958F-96F13B82A8D6}"
EndProject
Project("{9A19103F-16F7-4668-BE54-9A1E7A4F7556}") = "MeaningfulContext", "MeaningfulContext\MeaningfulContext.csproj", "{8389F229-87F1-4651-B97D-0675F24FC8D5}"
EndProject
Project("{2150E333-8FDC-42A3-9474-1A3956D46DE8}") = "Functions", "Functions", "{302C2DBC-4062-4BB2-AF87-8BA6544729FD}"
EndProject
Project("{9A19103F-16F7-4668-BE54-9A1E7A4F7556}") = "SwitchStatement", "SwitchStatement\SwitchStatement.csproj", "{5906474F-2A10-42AB-B49F-BE870A9BFBCA}"
EndProject
Project("{9A19103F-16F7-4668-BE54-9A1E7A4F7556}") = "CommandQuerySeparation", "CommandQuerySeparation\CommandQuerySeparation.csproj", "{DFFC74CC-5DDA-4B57-8570-3DF4D2E04CEA}"
EndProject
Project("{2150E333-8FDC-42A3-9474-1A3956D46DE8}") = "Comments", "Comments", "{4C53E0F2-B010-4795-BE6F-59A7D02D6A5D}"
EndProject
Project("{9A19103F-16F7-4668-BE54-9A1E7A4F7556}") = "ExplainYourselfInCode", "ExplainYourselfInCode\ExplainYourselfInCode.csproj", "{4861F293-F6E6-4FDC-ADFA-3317F6F8B740}"
EndProject
Project("{9A19103F-16F7-4668-BE54-9A1E7A4F7556}") = "GoodCommentsExamples", "GoodCommentsExamples\GoodCommentsExamples.csproj", "{A8EDF3D5-E49C-45F4-8B5D-FECA4A54145B}"
EndProject
Project("{9A19103F-16F7-4668-BE54-9A1E7A4F7556}") = "ClarifyingComments", "ClarifyingComments\ClarifyingComments.csproj", "{51CF4D18-970D-431F-8D67-5DA1A7301151}"
EndProject
Project("{2150E333-8FDC-42A3-9474-1A3956D46DE8}") = "System", "System", "{1A32FE14-23D0-49A5-A75F-60094D46D016}"
EndProject
Project("{9A19103F-16F7-4668-BE54-9A1E7A4F7556}") = "UsingProxyClasses", "System\AspectOrientedProgramming\UsingProxyClasses.csproj", "{91C855D0-7911-46A2-94A5-9349139A13C9}"
EndProject
Project("{2150E333-8FDC-42A3-9474-1A3956D46DE8}") = "AspectOrientedProgramming", "AspectOrientedProgramming", "{C247A249-F67A-4379-9332-1918C463F285}"
EndProject
Project("{2150E333-8FDC-42A3-9474-1A3956D46DE8}") = "RemoveDuplication", "RemoveDuplication", "{AB969214-A285-4CF9-9CAE-3BA2C5CDBCE9}"
EndProject
Project("{9A19103F-16F7-4668-BE54-9A1E7A4F7556}") = "RemoveDuplicationExample", "System\RemoveDuplication\RemoveDuplicationExample\RemoveDuplicationExample.csproj", "{7CE78EFD-8003-45E2-BF2E-9DB06FABD8F6}"
EndProject
Project("{9A19103F-16F7-4668-BE54-9A1E7A4F7556}") = "TemplatePattern", "System\RemoveDuplication\TemplatePattern\TemplatePattern.csproj", "{9AEB7722-B4FF-4730-99CB-B770C2A278BC}"
EndProject
Project("{2150E333-8FDC-42A3-9474-1A3956D46DE8}") = "CodeSmells", "CodeSmells", "{7405FCCE-0AF3-4B18-B5F2-08FB3C206AE8}"
EndProject
Project("{9A19103F-16F7-4668-BE54-9A1E7A4F7556}") = "RemoveTemporalCoupling", "CodeSmells\RemoveTemporalCoupling\RemoveTemporalCoupling.csproj", "{7D434000-CDB9-4D49-BADD-7BD44153F507}"
EndProject
Project("{2150E333-8FDC-42A3-9474-1A3956D46DE8}") = "Concurrency", "Concurrency", "{A2E8AC7E-A0D3-454E-866F-112DEF6DE31F}"
EndProject
Project("{9A19103F-16F7-4668-BE54-9A1E7A4F7556}") = "NonThreadedServer", "Concurrency\NonThreadedServer\NonThreadedServer.csproj", "{88D5B157-1B63-4012-984C-50A1AD1609A8}"
EndProject
Project("{FAE04EC0-301F-11D3-BF4B-00C04F79EFBC}") = "ClientVsServerBasedLocking", "Concurrency\ClientVsServerBasedLocking\ClientVsServerBasedLocking.csproj", "{28A3A581-7B0C-4141-8492-27FE624DE05C}"
EndProject
Global
	GlobalSection(SolutionConfigurationPlatforms) = preSolution
		Debug|Any CPU = Debug|Any CPU
		Release|Any CPU = Release|Any CPU
	EndGlobalSection
	GlobalSection(ProjectConfigurationPlatforms) = postSolution
		{8389F229-87F1-4651-B97D-0675F24FC8D5}.Debug|Any CPU.ActiveCfg = Debug|Any CPU
		{8389F229-87F1-4651-B97D-0675F24FC8D5}.Debug|Any CPU.Build.0 = Debug|Any CPU
		{8389F229-87F1-4651-B97D-0675F24FC8D5}.Release|Any CPU.ActiveCfg = Release|Any CPU
		{8389F229-87F1-4651-B97D-0675F24FC8D5}.Release|Any CPU.Build.0 = Release|Any CPU
		{5906474F-2A10-42AB-B49F-BE870A9BFBCA}.Debug|Any CPU.ActiveCfg = Debug|Any CPU
		{5906474F-2A10-42AB-B49F-BE870A9BFBCA}.Debug|Any CPU.Build.0 = Debug|Any CPU
		{5906474F-2A10-42AB-B49F-BE870A9BFBCA}.Release|Any CPU.ActiveCfg = Release|Any CPU
		{5906474F-2A10-42AB-B49F-BE870A9BFBCA}.Release|Any CPU.Build.0 = Release|Any CPU
		{DFFC74CC-5DDA-4B57-8570-3DF4D2E04CEA}.Debug|Any CPU.ActiveCfg = Debug|Any CPU
		{DFFC74CC-5DDA-4B57-8570-3DF4D2E04CEA}.Debug|Any CPU.Build.0 = Debug|Any CPU
		{DFFC74CC-5DDA-4B57-8570-3DF4D2E04CEA}.Release|Any CPU.ActiveCfg = Release|Any CPU
		{DFFC74CC-5DDA-4B57-8570-3DF4D2E04CEA}.Release|Any CPU.Build.0 = Release|Any CPU
		{4861F293-F6E6-4FDC-ADFA-3317F6F8B740}.Debug|Any CPU.ActiveCfg = Debug|Any CPU
		{4861F293-F6E6-4FDC-ADFA-3317F6F8B740}.Debug|Any CPU.Build.0 = Debug|Any CPU
		{4861F293-F6E6-4FDC-ADFA-3317F6F8B740}.Release|Any CPU.ActiveCfg = Release|Any CPU
		{4861F293-F6E6-4FDC-ADFA-3317F6F8B740}.Release|Any CPU.Build.0 = Release|Any CPU
		{A8EDF3D5-E49C-45F4-8B5D-FECA4A54145B}.Debug|Any CPU.ActiveCfg = Debug|Any CPU
		{A8EDF3D5-E49C-45F4-8B5D-FECA4A54145B}.Debug|Any CPU.Build.0 = Debug|Any CPU
		{A8EDF3D5-E49C-45F4-8B5D-FECA4A54145B}.Release|Any CPU.ActiveCfg = Release|Any CPU
		{A8EDF3D5-E49C-45F4-8B5D-FECA4A54145B}.Release|Any CPU.Build.0 = Release|Any CPU
		{51CF4D18-970D-431F-8D67-5DA1A7301151}.Debug|Any CPU.ActiveCfg = Debug|Any CPU
		{51CF4D18-970D-431F-8D67-5DA1A7301151}.Debug|Any CPU.Build.0 = Debug|Any CPU
		{51CF4D18-970D-431F-8D67-5DA1A7301151}.Release|Any CPU.ActiveCfg = Release|Any CPU
		{51CF4D18-970D-431F-8D67-5DA1A7301151}.Release|Any CPU.Build.0 = Release|Any CPU
		{91C855D0-7911-46A2-94A5-9349139A13C9}.Debug|Any CPU.ActiveCfg = Debug|Any CPU
		{91C855D0-7911-46A2-94A5-9349139A13C9}.Debug|Any CPU.Build.0 = Debug|Any CPU
		{91C855D0-7911-46A2-94A5-9349139A13C9}.Release|Any CPU.ActiveCfg = Release|Any CPU
		{91C855D0-7911-46A2-94A5-9349139A13C9}.Release|Any CPU.Build.0 = Release|Any CPU
		{7CE78EFD-8003-45E2-BF2E-9DB06FABD8F6}.Debug|Any CPU.ActiveCfg = Debug|Any CPU
		{7CE78EFD-8003-45E2-BF2E-9DB06FABD8F6}.Debug|Any CPU.Build.0 = Debug|Any CPU
		{7CE78EFD-8003-45E2-BF2E-9DB06FABD8F6}.Release|Any CPU.ActiveCfg = Release|Any CPU
		{7CE78EFD-8003-45E2-BF2E-9DB06FABD8F6}.Release|Any CPU.Build.0 = Release|Any CPU
		{9AEB7722-B4FF-4730-99CB-B770C2A278BC}.Debug|Any CPU.ActiveCfg = Debug|Any CPU
		{9AEB7722-B4FF-4730-99CB-B770C2A278BC}.Debug|Any CPU.Build.0 = Debug|Any CPU
		{9AEB7722-B4FF-4730-99CB-B770C2A278BC}.Release|Any CPU.ActiveCfg = Release|Any CPU
		{9AEB7722-B4FF-4730-99CB-B770C2A278BC}.Release|Any CPU.Build.0 = Release|Any CPU
		{7D434000-CDB9-4D49-BADD-7BD44153F507}.Debug|Any CPU.ActiveCfg = Debug|Any CPU
		{7D434000-CDB9-4D49-BADD-7BD44153F507}.Debug|Any CPU.Build.0 = Debug|Any CPU
		{7D434000-CDB9-4D49-BADD-7BD44153F507}.Release|Any CPU.ActiveCfg = Release|Any CPU
		{7D434000-CDB9-4D49-BADD-7BD44153F507}.Release|Any CPU.Build.0 = Release|Any CPU
		{88D5B157-1B63-4012-984C-50A1AD1609A8}.Debug|Any CPU.ActiveCfg = Debug|Any CPU
		{88D5B157-1B63-4012-984C-50A1AD1609A8}.Debug|Any CPU.Build.0 = Debug|Any CPU
		{88D5B157-1B63-4012-984C-50A1AD1609A8}.Release|Any CPU.ActiveCfg = Release|Any CPU
		{88D5B157-1B63-4012-984C-50A1AD1609A8}.Release|Any CPU.Build.0 = Release|Any CPU
		{28A3A581-7B0C-4141-8492-27FE624DE05C}.Debug|Any CPU.ActiveCfg = Debug|Any CPU
		{28A3A581-7B0C-4141-8492-27FE624DE05C}.Debug|Any CPU.Build.0 = Debug|Any CPU
		{28A3A581-7B0C-4141-8492-27FE624DE05C}.Release|Any CPU.ActiveCfg = Release|Any CPU
		{28A3A581-7B0C-4141-8492-27FE624DE05C}.Release|Any CPU.Build.0 = Release|Any CPU
	EndGlobalSection
	GlobalSection(SolutionProperties) = preSolution
		HideSolutionNode = FALSE
	EndGlobalSection
	GlobalSection(NestedProjects) = preSolution
		{8389F229-87F1-4651-B97D-0675F24FC8D5} = {15CA0E36-4A34-4312-958F-96F13B82A8D6}
		{5906474F-2A10-42AB-B49F-BE870A9BFBCA} = {302C2DBC-4062-4BB2-AF87-8BA6544729FD}
		{DFFC74CC-5DDA-4B57-8570-3DF4D2E04CEA} = {302C2DBC-4062-4BB2-AF87-8BA6544729FD}
		{4861F293-F6E6-4FDC-ADFA-3317F6F8B740} = {4C53E0F2-B010-4795-BE6F-59A7D02D6A5D}
		{A8EDF3D5-E49C-45F4-8B5D-FECA4A54145B} = {4C53E0F2-B010-4795-BE6F-59A7D02D6A5D}
		{51CF4D18-970D-431F-8D67-5DA1A7301151} = {4C53E0F2-B010-4795-BE6F-59A7D02D6A5D}
		{91C855D0-7911-46A2-94A5-9349139A13C9} = {C247A249-F67A-4379-9332-1918C463F285}
		{C247A249-F67A-4379-9332-1918C463F285} = {1A32FE14-23D0-49A5-A75F-60094D46D016}
		{AB969214-A285-4CF9-9CAE-3BA2C5CDBCE9} = {1A32FE14-23D0-49A5-A75F-60094D46D016}
		{7CE78EFD-8003-45E2-BF2E-9DB06FABD8F6} = {AB969214-A285-4CF9-9CAE-3BA2C5CDBCE9}
		{9AEB7722-B4FF-4730-99CB-B770C2A278BC} = {AB969214-A285-4CF9-9CAE-3BA2C5CDBCE9}
		{7D434000-CDB9-4D49-BADD-7BD44153F507} = {7405FCCE-0AF3-4B18-B5F2-08FB3C206AE8}
		{88D5B157-1B63-4012-984C-50A1AD1609A8} = {A2E8AC7E-A0D3-454E-866F-112DEF6DE31F}
		{28A3A581-7B0C-4141-8492-27FE624DE05C} = {A2E8AC7E-A0D3-454E-866F-112DEF6DE31F}
	EndGlobalSection
	GlobalSection(ExtensibilityGlobals) = postSolution
		SolutionGuid = {E9938B93-D0E3-41A2-9C58-DD962BA530DE}
	EndGlobalSection
EndGlobal
